// !$*UTF8*$!
{
archiveVersion = 1; classes = {}; objectVersion = 56;
objects = {
1214145F752855D7415C4E17 = { isa = PBXFileReference; lastKnownFileType = sourcecode.swift; path = Art.swift; sourceTree = "<group>"; };
14162FDFE97843E7D4CB0DA6 = { isa = PBXFileReference; lastKnownFileType = sourcecode.swift; path = QuestlyUITests.swift; sourceTree = "<group>"; };
1AC7F6C87C6B78F0AC7DE880 = { isa = XCConfigurationList; buildConfigurations = (3325F69FD4DFE6E6674B1361, BB0D77B08ECB0D21E7974168,); defaultConfigurationIsVisible = 0; defaultConfigurationName = Release; };
1C292EC5625F617030757AE7 = { isa = PBXBuildFile; fileRef = 14162FDFE97843E7D4CB0DA6; };
281FF16EF2B60E76A20BAD7F = { isa = XCBuildConfiguration; buildSettings = { SWIFT_VERSION = 5.0; IPHONEOS_DEPLOYMENT_TARGET = 17.0; SDKROOT = iphoneos; CLANG_ENABLE_MODULES = YES; TARGETED_DEVICE_FAMILY = "1,2"; CODE_SIGN_STYLE = Automatic; PRODUCT_NAME = "$(TARGET_NAME)"; PRODUCT_BUNDLE_IDENTIFIER = com.questly.m1; LD_RUNPATH_SEARCH_PATHS = "$(inherited) @executable_path/Frameworks"; SUPPORTED_PLATFORMS = "iphoneos iphonesimulator"; SUPPORTS_MACCATALYST = NO; INFOPLIST_FILE = Questly/Info.plist; }; name = Release; };
287F1969073A38D6294A858F = { isa = PBXBuildFile; fileRef = 1214145F752855D7415C4E17; };
2B9F613C6B1E5A12B5297D53 = { isa = PBXGroup; children = (14162FDFE97843E7D4CB0DA6,); path = QuestlyUITests; sourceTree = "<group>"; };
2F4BB06F47AD3A5BC780B692 = { isa = PBXBuildFile; fileRef = 553121DA3096C3EDFD4AA627; };
3325F69FD4DFE6E6674B1361 = { isa = XCBuildConfiguration; buildSettings = { SWIFT_VERSION = 5.0; IPHONEOS_DEPLOYMENT_TARGET = 17.0; SDKROOT = iphoneos; CLANG_ENABLE_MODULES = YES; TARGETED_DEVICE_FAMILY = "1,2"; CODE_SIGN_STYLE = Automatic; PRODUCT_NAME = "$(TARGET_NAME)"; PRODUCT_BUNDLE_IDENTIFIER = com.questly.m1.uitests; LD_RUNPATH_SEARCH_PATHS = "$(inherited) @executable_path/Frameworks"; SUPPORTED_PLATFORMS = "iphoneos iphonesimulator"; SUPPORTS_MACCATALYST = NO; GENERATE_INFOPLIST_FILE = YES; TEST_TARGET_NAME = Questly; }; name = Debug; };
3667E0A0C8FB580B1D21C114 = { isa = XCConfigurationList; buildConfigurations = (8B63A0393819EF9DE7F2B473, 281FF16EF2B60E76A20BAD7F,); defaultConfigurationIsVisible = 0; defaultConfigurationName = Release; };
3AB231933EC3FDD4AE055D72 = { isa = XCConfigurationList; buildConfigurations = (639FBBD4C1C1D1208D582D38, DEEE29B544B779729ECC4A19,); defaultConfigurationIsVisible = 0; defaultConfigurationName = Release; };
462B790ABA6A17A67726AAFD = { isa = PBXFrameworksBuildPhase; buildActionMask = 2147483647; files = (); runOnlyForDeploymentPostprocessing = 0; };
47358CC05A4D419999FDA9DA = { isa = PBXBuildFile; fileRef = C13C1AD987E8D39D3020FD73; };
477A8828CFDD085CF872F95C = { isa = PBXResourcesBuildPhase; buildActionMask = 2147483647; files = (); runOnlyForDeploymentPostprocessing = 0; };
48338DE28C732258BB72957A = { isa = PBXNativeTarget; buildConfigurationList = 3667E0A0C8FB580B1D21C114; buildPhases = (E4A9877846F7E14E120A0C25, 624D0503EC8FAD9DEB266B14, 4B8B87285CBE34CF457FD716,); buildRules = (); dependencies = (); name = Questly; packageProductDependencies = (94A0426E8D3203DA5468CCF0,); productName = Questly; productReference = F484C8056959696A1F25145C; productType = "com.apple.product-type.application"; };
49499A701F44E0A150A6EBB1 = { isa = PBXGroup; children = (553121DA3096C3EDFD4AA627,); path = QuestlyTests; sourceTree = "<group>"; };
4B8B87285CBE34CF457FD716 = { isa = PBXResourcesBuildPhase; buildActionMask = 2147483647; files = (); runOnlyForDeploymentPostprocessing = 0; };
4F16F6BB97C200F6615DD125 = { isa = PBXFrameworksBuildPhase; buildActionMask = 2147483647; files = (5AAED7F9110985BF701B2CF7,); runOnlyForDeploymentPostprocessing = 0; };
5263EC3D7F5E85BF38460F22 = { isa = PBXNativeTarget; buildConfigurationList = 1AC7F6C87C6B78F0AC7DE880; buildPhases = (534FEB0549600234AAE09DB0, 462B790ABA6A17A67726AAFD, 918D048E2D5158FF62BC656E,); buildRules = (); dependencies = (DE58E2B17C19600779694943,); name = QuestlyUITests; packageProductDependencies = (); productName = QuestlyUITests; productReference = 8534756E686DE95605C63CC1; productType = "com.apple.product-type.bundle.ui-testing"; };
534FEB0549600234AAE09DB0 = { isa = PBXSourcesBuildPhase; buildActionMask = 2147483647; files = (1C292EC5625F617030757AE7,); runOnlyForDeploymentPostprocessing = 0; };
553121DA3096C3EDFD4AA627 = { isa = PBXFileReference; lastKnownFileType = sourcecode.swift; path = GameModelTests.swift; sourceTree = "<group>"; };
582681C2EAE02B3F3D399C0C = { isa = XCLocalSwiftPackageReference; relativePath = ../../packages/QuestCore; };
594A3BB8F4EB042966729774 = { isa = PBXBuildFile; productRef = 94A0426E8D3203DA5468CCF0; };
59BD0A3FF43B32849B319E64 = { isa = PBXFileReference; lastKnownFileType = text.plist.xml; path = Info.plist; sourceTree = "<group>"; };
5AAED7F9110985BF701B2CF7 = { isa = PBXBuildFile; productRef = CFCAD356A368FF0D96BAEEEE; };
60B7459B4C278C96466936F9 = { isa = PBXFileReference; lastKnownFileType = sourcecode.swift; path = GameModel.swift; sourceTree = "<group>"; };
614471660AA131A99883C67C = { isa = XCConfigurationList; buildConfigurations = (9E232BE73FECBBF8659C79E7, 95126388EE2677EABF3CF99B,); defaultConfigurationIsVisible = 0; defaultConfigurationName = Release; };
624D0503EC8FAD9DEB266B14 = { isa = PBXFrameworksBuildPhase; buildActionMask = 2147483647; files = (594A3BB8F4EB042966729774,); runOnlyForDeploymentPostprocessing = 0; };
639FBBD4C1C1D1208D582D38 = { isa = XCBuildConfiguration; buildSettings = { SWIFT_VERSION = 5.0; IPHONEOS_DEPLOYMENT_TARGET = 17.0; SDKROOT = iphoneos; CLANG_ENABLE_MODULES = YES; TARGETED_DEVICE_FAMILY = "1,2"; CODE_SIGN_STYLE = Automatic; PRODUCT_NAME = "$(TARGET_NAME)"; PRODUCT_BUNDLE_IDENTIFIER = com.questly.m1.tests; LD_RUNPATH_SEARCH_PATHS = "$(inherited) @executable_path/Frameworks @loader_path/Frameworks"; SUPPORTED_PLATFORMS = "iphoneos iphonesimulator"; SUPPORTS_MACCATALYST = NO; GENERATE_INFOPLIST_FILE = YES; BUNDLE_LOADER = "$(TEST_HOST)"; TEST_HOST = "$(BUILT_PRODUCTS_DIR)/Questly.app/$(BUNDLE_EXECUTABLE_FOLDER_PATH)/Questly"; }; name = Debug; };
7CC4F6C34A4DF8BDAC0FF050 = { isa = PBXFileReference; explicitFileType = wrapper.cfbundle; includeInIndex = 0; path = QuestlyTests.xctest; sourceTree = BUILT_PRODUCTS_DIR; };
7EC966509442DE236F58E6AF = { isa = PBXGroup; children = (1214145F752855D7415C4E17, 60B7459B4C278C96466936F9, C13C1AD987E8D39D3020FD73, 8BCD0095F532F5BF31A04D6B, B3BDD9BA7CD3B05DF2EFE3D4, 59BD0A3FF43B32849B319E64,); path = Questly; sourceTree = "<group>"; };
8534756E686DE95605C63CC1 = { isa = PBXFileReference; explicitFileType = wrapper.cfbundle; includeInIndex = 0; path = QuestlyUITests.xctest; sourceTree = BUILT_PRODUCTS_DIR; };
8B63A0393819EF9DE7F2B473 = { isa = XCBuildConfiguration; buildSettings = { SWIFT_VERSION = 5.0; IPHONEOS_DEPLOYMENT_TARGET = 17.0; SDKROOT = iphoneos; CLANG_ENABLE_MODULES = YES; TARGETED_DEVICE_FAMILY = "1,2"; CODE_SIGN_STYLE = Automatic; PRODUCT_NAME = "$(TARGET_NAME)"; PRODUCT_BUNDLE_IDENTIFIER = com.questly.m1; LD_RUNPATH_SEARCH_PATHS = "$(inherited) @executable_path/Frameworks"; SUPPORTED_PLATFORMS = "iphoneos iphonesimulator"; SUPPORTS_MACCATALYST = NO; INFOPLIST_FILE = Questly/Info.plist; }; name = Debug; };
8BCD0095F532F5BF31A04D6B = { isa = PBXFileReference; lastKnownFileType = sourcecode.swift; path = QuestlyView.swift; sourceTree = "<group>"; };
902ACC67F87E1CA16D07B2C2 = { isa = PBXBuildFile; fileRef = B3BDD9BA7CD3B05DF2EFE3D4; };
916B1EA1376A7E478601B4B9 = { isa = PBXBuildFile; fileRef = 60B7459B4C278C96466936F9; };
918D048E2D5158FF62BC656E = { isa = PBXResourcesBuildPhase; buildActionMask = 2147483647; files = (); runOnlyForDeploymentPostprocessing = 0; };
94A0426E8D3203DA5468CCF0 = { isa = XCSwiftPackageProductDependency; package = 582681C2EAE02B3F3D399C0C; productName = QuestCore; };
95126388EE2677EABF3CF99B = { isa = XCBuildConfiguration; buildSettings = { SWIFT_VERSION = 5.0; IPHONEOS_DEPLOYMENT_TARGET = 17.0; SDKROOT = iphoneos; CLANG_ENABLE_MODULES = YES; TARGETED_DEVICE_FAMILY = "1,2"; CODE_SIGN_STYLE = Automatic; SWIFT_OPTIMIZATION_LEVEL = "-O"; ONLY_ACTIVE_ARCH = NO; DEBUG_INFORMATION_FORMAT = "dwarf-with-dsym"; ENABLE_TESTABILITY = NO; SWIFT_ACTIVE_COMPILATION_CONDITIONS = "$(inherited)"; }; name = Release; };
98F54143AB4E86B28C3AFEE0 = { isa = PBXProject; attributes = { BuildIndependentTargetsInParallel = YES; LastUpgradeCheck = 1600; TargetAttributes = { 48338DE28C732258BB72957A = { CreatedOnToolsVersion = 16.0; }; 5263EC3D7F5E85BF38460F22 = { CreatedOnToolsVersion = 16.0; TestTargetID = 48338DE28C732258BB72957A; }; 9E07A3911EFCBA09BFA3D81B = { CreatedOnToolsVersion = 16.0; TestTargetID = 48338DE28C732258BB72957A; }; }; }; buildConfigurationList = 614471660AA131A99883C67C; compatibilityVersion = "Xcode 14.0"; developmentRegion = en; hasScannedForEncodings = 0; knownRegions = (en, Base, "zh-Hans",); mainGroup = DC76E9F0C0006E8F919E0C51; packageReferences = (582681C2EAE02B3F3D399C0C,); productRefGroup = FBDC4F23F93125BBEEAE800C; projectDirPath = ""; projectRoot = ""; targets = (48338DE28C732258BB72957A, 5263EC3D7F5E85BF38460F22, 9E07A3911EFCBA09BFA3D81B,); };
9E07A3911EFCBA09BFA3D81B = { isa = PBXNativeTarget; buildConfigurationList = 3AB231933EC3FDD4AE055D72; buildPhases = (BFC019983D5B58E6C9CF73FB, 4F16F6BB97C200F6615DD125, 477A8828CFDD085CF872F95C,); buildRules = (); dependencies = (DE58E2B17C19600779694943,); name = QuestlyTests; packageProductDependencies = (CFCAD356A368FF0D96BAEEEE,); productName = QuestlyTests; productReference = 7CC4F6C34A4DF8BDAC0FF050; productType = "com.apple.product-type.bundle.unit-test"; };
9E232BE73FECBBF8659C79E7 = { isa = XCBuildConfiguration; buildSettings = { SWIFT_VERSION = 5.0; IPHONEOS_DEPLOYMENT_TARGET = 17.0; SDKROOT = iphoneos; CLANG_ENABLE_MODULES = YES; TARGETED_DEVICE_FAMILY = "1,2"; CODE_SIGN_STYLE = Automatic; SWIFT_OPTIMIZATION_LEVEL = "-Onone"; ONLY_ACTIVE_ARCH = YES; DEBUG_INFORMATION_FORMAT = dwarf; ENABLE_TESTABILITY = YES; SWIFT_ACTIVE_COMPILATION_CONDITIONS = "DEBUG $(inherited)"; }; name = Debug; };
B3BDD9BA7CD3B05DF2EFE3D4 = { isa = PBXFileReference; lastKnownFileType = sourcecode.swift; path = Scenes.swift; sourceTree = "<group>"; };
BB0D77B08ECB0D21E7974168 = { isa = XCBuildConfiguration; buildSettings = { SWIFT_VERSION = 5.0; IPHONEOS_DEPLOYMENT_TARGET = 17.0; SDKROOT = iphoneos; CLANG_ENABLE_MODULES = YES; TARGETED_DEVICE_FAMILY = "1,2"; CODE_SIGN_STYLE = Automatic; PRODUCT_NAME = "$(TARGET_NAME)"; PRODUCT_BUNDLE_IDENTIFIER = com.questly.m1.uitests; LD_RUNPATH_SEARCH_PATHS = "$(inherited) @executable_path/Frameworks"; SUPPORTED_PLATFORMS = "iphoneos iphonesimulator"; SUPPORTS_MACCATALYST = NO; GENERATE_INFOPLIST_FILE = YES; TEST_TARGET_NAME = Questly; }; name = Release; };
BFC019983D5B58E6C9CF73FB = { isa = PBXSourcesBuildPhase; buildActionMask = 2147483647; files = (2F4BB06F47AD3A5BC780B692,); runOnlyForDeploymentPostprocessing = 0; };
C13C1AD987E8D39D3020FD73 = { isa = PBXFileReference; lastKnownFileType = sourcecode.swift; path = QuestlyApp.swift; sourceTree = "<group>"; };
CFCAD356A368FF0D96BAEEEE = { isa = XCSwiftPackageProductDependency; package = 582681C2EAE02B3F3D399C0C; productName = QuestCore; };
D799BAE6088A90139B415FCC = { isa = PBXContainerItemProxy; containerPortal = 98F54143AB4E86B28C3AFEE0; proxyType = 1; remoteGlobalIDString = 48338DE28C732258BB72957A; remoteInfo = Questly; };
DC76E9F0C0006E8F919E0C51 = { isa = PBXGroup; children = (7EC966509442DE236F58E6AF, 2B9F613C6B1E5A12B5297D53, 49499A701F44E0A150A6EBB1, FBDC4F23F93125BBEEAE800C,); sourceTree = "<group>"; };
DE58E2B17C19600779694943 = { isa = PBXTargetDependency; target = 48338DE28C732258BB72957A; targetProxy = D799BAE6088A90139B415FCC; };
DEEE29B544B779729ECC4A19 = { isa = XCBuildConfiguration; buildSettings = { SWIFT_VERSION = 5.0; IPHONEOS_DEPLOYMENT_TARGET = 17.0; SDKROOT = iphoneos; CLANG_ENABLE_MODULES = YES; TARGETED_DEVICE_FAMILY = "1,2"; CODE_SIGN_STYLE = Automatic; PRODUCT_NAME = "$(TARGET_NAME)"; PRODUCT_BUNDLE_IDENTIFIER = com.questly.m1.tests; LD_RUNPATH_SEARCH_PATHS = "$(inherited) @executable_path/Frameworks @loader_path/Frameworks"; SUPPORTED_PLATFORMS = "iphoneos iphonesimulator"; SUPPORTS_MACCATALYST = NO; GENERATE_INFOPLIST_FILE = YES; BUNDLE_LOADER = "$(TEST_HOST)"; TEST_HOST = "$(BUILT_PRODUCTS_DIR)/Questly.app/$(BUNDLE_EXECUTABLE_FOLDER_PATH)/Questly"; }; name = Release; };
E4A9877846F7E14E120A0C25 = { isa = PBXSourcesBuildPhase; buildActionMask = 2147483647; files = (287F1969073A38D6294A858F, 916B1EA1376A7E478601B4B9, 47358CC05A4D419999FDA9DA, EBC08B0F98F9DF7348815B61, 902ACC67F87E1CA16D07B2C2,); runOnlyForDeploymentPostprocessing = 0; };
EBC08B0F98F9DF7348815B61 = { isa = PBXBuildFile; fileRef = 8BCD0095F532F5BF31A04D6B; };
F484C8056959696A1F25145C = { isa = PBXFileReference; explicitFileType = wrapper.application; includeInIndex = 0; path = Questly.app; sourceTree = BUILT_PRODUCTS_DIR; };
FBDC4F23F93125BBEEAE800C = { isa = PBXGroup; children = (F484C8056959696A1F25145C, 8534756E686DE95605C63CC1, 7CC4F6C34A4DF8BDAC0FF050,); name = Products; sourceTree = "<group>"; };
}; rootObject = 98F54143AB4E86B28C3AFEE0;
}
